
Microsoft Visual Studio Solution File, Format Version 12.00
# Visual Studio 15
VisualStudioVersion = 15.0.28307.902
MinimumVisualStudioVersion = 10.0.40219.1
Project("{FAE04EC0-301F-11D3-BF4B-00C04F79EFBC}") = "ConsistenciaEntidade", "ConsistenciaEntidade\ConsistenciaEntidade.csproj", "{6B96EE03-98C6-4E68-93D8-611BA549305D}"
EndProject
Global
	GlobalSection(SolutionConfigurationPlatforms) = preSolution
		Debug|Any CPU = Debug|Any CPU
		Release|Any CPU = Release|Any CPU
	EndGlobalSection
	GlobalSection(ProjectConfigurationPlatforms) = postSolution
		{6B96EE03-98C6-4E68-93D8-611BA549305D}.Debug|Any CPU.ActiveCfg = Debug|Any CPU
		{6B96EE03-98C6-4E68-93D8-611BA549305D}.Debug|Any CPU.Build.0 = Debug|Any CPU
		{6B96EE03-98C6-4E68-93D8-611BA549305D}.Release|Any CPU.ActiveCfg = Release|Any CPU
		{6B96EE03-98C6-4E68-93D8-611BA549305D}.Release|Any CPU.Build.0 = Release|Any CPU
	EndGlobalSection
	GlobalSection(SolutionProperties) = preSolution
		HideSolutionNode = FALSE
	EndGlobalSection
	GlobalSection(ExtensibilityGlobals) = postSolution
		SolutionGuid = {9A4DAF35-4D5F-42A7-B618-C912E80414CC}
	EndGlobalSection
EndGlobal
